
Microsoft Visual Studio Solution File, Format Version 12.00
# Visual Studio 15
VisualStudioVersion = 15.0.27130.2027
MinimumVisualStudioVersion = 10.0.40219.1
Project("{FAE04EC0-301F-11D3-BF4B-00C04F79EFBC}") = "MVC5", "MVC5\MVC5.csproj", "{CC406A49-5736-433D-9776-371F0E9E7C81}"
EndProject
Project("{FAE04EC0-301F-11D3-BF4B-00C04F79EFBC}") = "Core2MVC", "Core2MVC\Core2MVC.csproj", "{AF893F5F-BED2-4249-8D9E-32A215229239}"
EndProject
Global
	GlobalSection(SolutionConfigurationPlatforms) = preSolution
		Debug|Any CPU = Debug|Any CPU
		Release|Any CPU = Release|Any CPU
	EndGlobalSection
	GlobalSection(ProjectConfigurationPlatforms) = postSolution
		{CC406A49-5736-433D-9776-371F0E9E7C81}.Debug|Any CPU.ActiveCfg = Debug|Any CPU
		{CC406A49-5736-433D-9776-371F0E9E7C81}.Debug|Any CPU.Build.0 = Debug|Any CPU
		{CC406A49-5736-433D-9776-371F0E9E7C81}.Release|Any CPU.ActiveCfg = Release|Any CPU
		{CC406A49-5736-433D-9776-371F0E9E7C81}.Release|Any CPU.Build.0 = Release|Any CPU
		{AF893F5F-BED2-4249-8D9E-32A215229239}.Debug|Any CPU.ActiveCfg = Debug|Any CPU
		{AF893F5F-BED2-4249-8D9E-32A215229239}.Debug|Any CPU.Build.0 = Debug|Any CPU
		{AF893F5F-BED2-4249-8D9E-32A215229239}.Release|Any CPU.ActiveCfg = Release|Any CPU
		{AF893F5F-BED2-4249-8D9E-32A215229239}.Release|Any CPU.Build.0 = Release|Any CPU
	EndGlobalSection
	GlobalSection(SolutionProperties) = preSolution
		HideSolutionNode = FALSE
	EndGlobalSection
	GlobalSection(ExtensibilityGlobals) = postSolution
		SolutionGuid = {828621D1-68E2-4CDB-B99B-BAF2900D6CFD}
	EndGlobalSection
EndGlobal
